
Microsoft Visual Studio Solution File, Format Version 12.00
# Visual Studio for Mac
Project("{FAE04EC0-301F-11D3-BF4B-00C04F79EFBC}") = "Call_Of_Duty", "Call_Of_Duty.csproj", "{F0876DC7-EB1F-6C73-9AD3-F57C08264BD2}"
EndProject
Global
	GlobalSection(SolutionConfigurationPlatforms) = preSolution
		Debug|Any CPU = Debug|Any CPU
		Release|Any CPU = Release|Any CPU
	EndGlobalSection
	GlobalSection(ProjectConfigurationPlatforms) = postSolution
		{F0876DC7-EB1F-6C73-9AD3-F57C08264BD2}.Debug|Any CPU.ActiveCfg = Debug|Any CPU
		{F0876DC7-EB1F-6C73-9AD3-F57C08264BD2}.Debug|Any CPU.Build.0 = Debug|Any CPU
		{F0876DC7-EB1F-6C73-9AD3-F57C08264BD2}.Release|Any CPU.ActiveCfg = Release|Any CPU
		{F0876DC7-EB1F-6C73-9AD3-F57C08264BD2}.Release|Any CPU.Build.0 = Release|Any CPU
	EndGlobalSection
	GlobalSection(SolutionProperties) = preSolution
		HideSolutionNode = FALSE
	EndGlobalSection
EndGlobal
